
Microsoft Visual Studio Solution File, Format Version 12.00
Project("{FAE04EC0-301F-11D3-BF4B-00C04F79EFBC}") = "AplicacaoTeste.Host", "AplicacaoTeste.Host\AplicacaoTeste.Host.csproj", "{D78C91E7-F1BB-4202-8052-05D268726492}"
EndProject
Project("{FAE04EC0-301F-11D3-BF4B-00C04F79EFBC}") = "AplicacaoTeste", "AplicacaoTeste\AplicacaoTeste.csproj", "{767050AE-C9A1-4F2C-A52B-E63F7FB02D19}"
EndProject
Project("{2150E333-8FDC-42A3-9474-1A3956D46DE8}") = "Solution Items", "Solution Items", "{C6D4F7FD-57D0-4674-BF99-6692743C050D}"
	ProjectSection(SolutionItems) = preProject
		compose.yaml = compose.yaml
	EndProjectSection
EndProject
Global
	GlobalSection(SolutionConfigurationPlatforms) = preSolution
		Debug|Any CPU = Debug|Any CPU
		Release|Any CPU = Release|Any CPU
	EndGlobalSection
	GlobalSection(ProjectConfigurationPlatforms) = postSolution
		{D78C91E7-F1BB-4202-8052-05D268726492}.Debug|Any CPU.ActiveCfg = Debug|Any CPU
		{D78C91E7-F1BB-4202-8052-05D268726492}.Debug|Any CPU.Build.0 = Debug|Any CPU
		{D78C91E7-F1BB-4202-8052-05D268726492}.Release|Any CPU.ActiveCfg = Release|Any CPU
		{D78C91E7-F1BB-4202-8052-05D268726492}.Release|Any CPU.Build.0 = Release|Any CPU
		{767050AE-C9A1-4F2C-A52B-E63F7FB02D19}.Debug|Any CPU.ActiveCfg = Debug|Any CPU
		{767050AE-C9A1-4F2C-A52B-E63F7FB02D19}.Debug|Any CPU.Build.0 = Debug|Any CPU
		{767050AE-C9A1-4F2C-A52B-E63F7FB02D19}.Release|Any CPU.ActiveCfg = Release|Any CPU
		{767050AE-C9A1-4F2C-A52B-E63F7FB02D19}.Release|Any CPU.Build.0 = Release|Any CPU
	EndGlobalSection
EndGlobal
